
Microsoft Visual Studio Solution File, Format Version 12.00
# Visual Studio 2013
VisualStudioVersion = 12.0.40629.0
MinimumVisualStudioVersion = 10.0.40219.1
Project("{8BC9CEB8-8B4A-11D0-8D11-00A0C91BC942}") = "Ch0-Lab4", "Ch0-Lab4\Ch0-Lab4.vcxproj", "{ADEBACFD-9FF0-4002-8C48-486C38332402}"
EndProject
Global
	GlobalSection(SolutionConfigurationPlatforms) = preSolution
		Debug|Win32 = Debug|Win32
		Release|Win32 = Release|Win32
	EndGlobalSection
	GlobalSection(ProjectConfigurationPlatforms) = postSolution
		{ADEBACFD-9FF0-4002-8C48-486C38332402}.Debug|Win32.ActiveCfg = Debug|Win32
		{ADEBACFD-9FF0-4002-8C48-486C38332402}.Debug|Win32.Build.0 = Debug|Win32
		{ADEBACFD-9FF0-4002-8C48-486C38332402}.Release|Win32.ActiveCfg = Release|Win32
		{ADEBACFD-9FF0-4002-8C48-486C38332402}.Release|Win32.Build.0 = Release|Win32
	EndGlobalSection
	GlobalSection(SolutionProperties) = preSolution
		HideSolutionNode = FALSE
	EndGlobalSection
EndGlobal
