
Microsoft Visual Studio Solution File, Format Version 12.00
# Visual Studio 2013
VisualStudioVersion = 12.0.21005.1
MinimumVisualStudioVersion = 10.0.40219.1
Project("{8BC9CEB8-8B4A-11D0-8D11-00A0C91BC942}") = "Ch0_Lab4", "Ch0_Lab4\Ch0_Lab4.vcxproj", "{8E9A19F4-061C-4CA6-9BAA-7D898744EE02}"
EndProject
Global
	GlobalSection(SolutionConfigurationPlatforms) = preSolution
		Debug|Win32 = Debug|Win32
		Release|Win32 = Release|Win32
	EndGlobalSection
	GlobalSection(ProjectConfigurationPlatforms) = postSolution
		{8E9A19F4-061C-4CA6-9BAA-7D898744EE02}.Debug|Win32.ActiveCfg = Debug|Win32
		{8E9A19F4-061C-4CA6-9BAA-7D898744EE02}.Debug|Win32.Build.0 = Debug|Win32
		{8E9A19F4-061C-4CA6-9BAA-7D898744EE02}.Release|Win32.ActiveCfg = Release|Win32
		{8E9A19F4-061C-4CA6-9BAA-7D898744EE02}.Release|Win32.Build.0 = Release|Win32
	EndGlobalSection
	GlobalSection(SolutionProperties) = preSolution
		HideSolutionNode = FALSE
	EndGlobalSection
EndGlobal
